# This file is automatically @generated by Cargo.
# It is not intended for manual editing.
version = 4

[[package]]
name = "chap1-basic-of-rust-concurrency"
version = "0.1.0"

[[package]]
name = "chap2-atomics"
version = "0.1.0"

[[package]]
name = "chap3-memory-ordering"
version = "0.1.0"

[[package]]
name = "chap4-building-our-own-spinlock"
version = "0.1.0"

[[package]]
name = "chap5-build-our-own-channel"
version = "0.1.0"

[[package]]
name = "chap6-building-our-own-arc"
version = "0.1.0"

[[package]]
name = "chap7-understanding-the-processor"
version = "0.1.0"
